
Microsoft Visual Studio Solution File, Format Version 12.00
# Visual Studio Version 16
VisualStudioVersion = 16.0.29020.237
MinimumVisualStudioVersion = 10.0.40219.1
Project("{FAE04EC0-301F-11D3-BF4B-00C04F79EFBC}") = "PDF-conversion", "PDF-conversion\PDF-conversion.csproj", "{7F6D8173-7E99-4BCC-8DDA-4130F7CAB2CF}"
EndProject
Global
	GlobalSection(SolutionConfigurationPlatforms) = preSolution
		Debug|Any CPU = Debug|Any CPU
		Release|Any CPU = Release|Any CPU
	EndGlobalSection
	GlobalSection(ProjectConfigurationPlatforms) = postSolution
		{7F6D8173-7E99-4BCC-8DDA-4130F7CAB2CF}.Debug|Any CPU.ActiveCfg = Debug|Any CPU
		{7F6D8173-7E99-4BCC-8DDA-4130F7CAB2CF}.Debug|Any CPU.Build.0 = Debug|Any CPU
		{7F6D8173-7E99-4BCC-8DDA-4130F7CAB2CF}.Release|Any CPU.ActiveCfg = Release|Any CPU
		{7F6D8173-7E99-4BCC-8DDA-4130F7CAB2CF}.Release|Any CPU.Build.0 = Release|Any CPU
	EndGlobalSection
	GlobalSection(SolutionProperties) = preSolution
		HideSolutionNode = FALSE
	EndGlobalSection
	GlobalSection(ExtensibilityGlobals) = postSolution
		SolutionGuid = {938EAE57-3B21-49FC-8CF1-116EE181EB1C}
	EndGlobalSection
EndGlobal
